
Microsoft Visual Studio Solution File, Format Version 12.00
# Visual Studio Version 17
VisualStudioVersion = 17.11.35219.272
MinimumVisualStudioVersion = 10.0.40219.1
Project("{FAE04EC0-301F-11D3-BF4B-00C04F79EFBC}") = "RO (Windows Task Scheduler)", "RO (Windows Task Scheduler)\RO (Windows Task Scheduler).csproj", "{35BBE9AD-960C-4EF1-95F6-34C181B5E787}"
EndProject
Global
	GlobalSection(SolutionConfigurationPlatforms) = preSolution
		Debug|Any CPU = Debug|Any CPU
		Release|Any CPU = Release|Any CPU
	EndGlobalSection
	GlobalSection(ProjectConfigurationPlatforms) = postSolution
		{35BBE9AD-960C-4EF1-95F6-34C181B5E787}.Debug|Any CPU.ActiveCfg = Debug|Any CPU
		{35BBE9AD-960C-4EF1-95F6-34C181B5E787}.Debug|Any CPU.Build.0 = Debug|Any CPU
		{35BBE9AD-960C-4EF1-95F6-34C181B5E787}.Release|Any CPU.ActiveCfg = Release|Any CPU
		{35BBE9AD-960C-4EF1-95F6-34C181B5E787}.Release|Any CPU.Build.0 = Release|Any CPU
	EndGlobalSection
	GlobalSection(SolutionProperties) = preSolution
		HideSolutionNode = FALSE
	EndGlobalSection
	GlobalSection(ExtensibilityGlobals) = postSolution
		SolutionGuid = {2D46F3C4-10BE-42A3-8887-0DE503B8E85E}
	EndGlobalSection
EndGlobal
